
Microsoft Visual Studio Solution File, Format Version 12.00
# Visual Studio 15
VisualStudioVersion = 15.0.27130.2010
MinimumVisualStudioVersion = 10.0.40219.1
Project("{00D1A9C2-B5F0-4AF3-8072-F6C62B433612}") = "STS.Database", "STS.Database\STS.Database.sqlproj", "{C0DDDA92-E65C-4435-826D-11F7732ABE15}"
EndProject
Global
	GlobalSection(SolutionConfigurationPlatforms) = preSolution
		Debug|Any CPU = Debug|Any CPU
		Release|Any CPU = Release|Any CPU
	EndGlobalSection
	GlobalSection(ProjectConfigurationPlatforms) = postSolution
		{C0DDDA92-E65C-4435-826D-11F7732ABE15}.Debug|Any CPU.ActiveCfg = Debug|Any CPU
		{C0DDDA92-E65C-4435-826D-11F7732ABE15}.Debug|Any CPU.Build.0 = Debug|Any CPU
		{C0DDDA92-E65C-4435-826D-11F7732ABE15}.Debug|Any CPU.Deploy.0 = Debug|Any CPU
		{C0DDDA92-E65C-4435-826D-11F7732ABE15}.Release|Any CPU.ActiveCfg = Release|Any CPU
		{C0DDDA92-E65C-4435-826D-11F7732ABE15}.Release|Any CPU.Build.0 = Release|Any CPU
		{C0DDDA92-E65C-4435-826D-11F7732ABE15}.Release|Any CPU.Deploy.0 = Release|Any CPU
	EndGlobalSection
	GlobalSection(SolutionProperties) = preSolution
		HideSolutionNode = FALSE
	EndGlobalSection
	GlobalSection(ExtensibilityGlobals) = postSolution
		SolutionGuid = {2E538F46-3392-4890-BE5C-5B7767483C43}
	EndGlobalSection
EndGlobal
