
Microsoft Visual Studio Solution File, Format Version 12.00
# Visual Studio 15
VisualStudioVersion = 15.0.27130.2010
MinimumVisualStudioVersion = 10.0.40219.1
Project("{9A19103F-16F7-4668-BE54-9A1E7A4F7556}") = "WebApi", "STS.WebApp.V2\STS.Backend\WebApi.csproj", "{9DC042D8-3781-4D53-B116-5B7AEF5D8B9B}"
EndProject
Project("{00D1A9C2-B5F0-4AF3-8072-F6C62B433612}") = "STS.DataBase", "STS.WebApp.V2\STS.DataBase\STS.DataBase.sqlproj", "{A983C59F-E759-4954-A0C3-2604DDA63000}"
EndProject
Project("{FAE04EC0-301F-11D3-BF4B-00C04F79EFBC}") = "STS.FolderOrginzerApp", "STS.FolderOrginzerApp\STS.FolderOrginzerApp.csproj", "{AAF6FC35-BDB3-4A3D-805B-9036F7EB28D1}"
EndProject
Project("{FAE04EC0-301F-11D3-BF4B-00C04F79EFBC}") = "STS.WebApp", "STS.WebApp\STS.WebApp.csproj", "{7F13553D-76F0-4CBA-A345-2B4B8720EAFB}"
EndProject
Global
	GlobalSection(SolutionConfigurationPlatforms) = preSolution
		Debug|Any CPU = Debug|Any CPU
		Release|Any CPU = Release|Any CPU
	EndGlobalSection
	GlobalSection(ProjectConfigurationPlatforms) = postSolution
		{9DC042D8-3781-4D53-B116-5B7AEF5D8B9B}.Debug|Any CPU.ActiveCfg = Debug|Any CPU
		{9DC042D8-3781-4D53-B116-5B7AEF5D8B9B}.Debug|Any CPU.Build.0 = Debug|Any CPU
		{9DC042D8-3781-4D53-B116-5B7AEF5D8B9B}.Release|Any CPU.ActiveCfg = Release|Any CPU
		{9DC042D8-3781-4D53-B116-5B7AEF5D8B9B}.Release|Any CPU.Build.0 = Release|Any CPU
		{A983C59F-E759-4954-A0C3-2604DDA63000}.Debug|Any CPU.ActiveCfg = Debug|Any CPU
		{A983C59F-E759-4954-A0C3-2604DDA63000}.Debug|Any CPU.Build.0 = Debug|Any CPU
		{A983C59F-E759-4954-A0C3-2604DDA63000}.Debug|Any CPU.Deploy.0 = Debug|Any CPU
		{A983C59F-E759-4954-A0C3-2604DDA63000}.Release|Any CPU.ActiveCfg = Release|Any CPU
		{A983C59F-E759-4954-A0C3-2604DDA63000}.Release|Any CPU.Build.0 = Release|Any CPU
		{A983C59F-E759-4954-A0C3-2604DDA63000}.Release|Any CPU.Deploy.0 = Release|Any CPU
		{AAF6FC35-BDB3-4A3D-805B-9036F7EB28D1}.Debug|Any CPU.ActiveCfg = Debug|Any CPU
		{AAF6FC35-BDB3-4A3D-805B-9036F7EB28D1}.Debug|Any CPU.Build.0 = Debug|Any CPU
		{AAF6FC35-BDB3-4A3D-805B-9036F7EB28D1}.Release|Any CPU.ActiveCfg = Release|Any CPU
		{AAF6FC35-BDB3-4A3D-805B-9036F7EB28D1}.Release|Any CPU.Build.0 = Release|Any CPU
		{7F13553D-76F0-4CBA-A345-2B4B8720EAFB}.Debug|Any CPU.ActiveCfg = Debug|Any CPU
		{7F13553D-76F0-4CBA-A345-2B4B8720EAFB}.Debug|Any CPU.Build.0 = Debug|Any CPU
		{7F13553D-76F0-4CBA-A345-2B4B8720EAFB}.Release|Any CPU.ActiveCfg = Release|Any CPU
		{7F13553D-76F0-4CBA-A345-2B4B8720EAFB}.Release|Any CPU.Build.0 = Release|Any CPU
	EndGlobalSection
	GlobalSection(SolutionProperties) = preSolution
		HideSolutionNode = FALSE
	EndGlobalSection
	GlobalSection(ExtensibilityGlobals) = postSolution
		SolutionGuid = {2E538F46-3392-4890-BE5C-5B7767483C43}
	EndGlobalSection
EndGlobal
