
Microsoft Visual Studio Solution File, Format Version 12.00
# Visual Studio 15
VisualStudioVersion = 15.0.27130.2010
MinimumVisualStudioVersion = 10.0.40219.1
Project("{FAE04EC0-301F-11D3-BF4B-00C04F79EFBC}") = "STS.WebApp", "STS.WebApp\STS.WebApp.csproj", "{08717A8E-44DB-4112-B63A-BF9CDD4EEA5B}"
EndProject
Global
	GlobalSection(SolutionConfigurationPlatforms) = preSolution
		Debug|Any CPU = Debug|Any CPU
		Release|Any CPU = Release|Any CPU
	EndGlobalSection
	GlobalSection(ProjectConfigurationPlatforms) = postSolution
		{08717A8E-44DB-4112-B63A-BF9CDD4EEA5B}.Debug|Any CPU.ActiveCfg = Debug|Any CPU
		{08717A8E-44DB-4112-B63A-BF9CDD4EEA5B}.Debug|Any CPU.Build.0 = Debug|Any CPU
		{08717A8E-44DB-4112-B63A-BF9CDD4EEA5B}.Release|Any CPU.ActiveCfg = Release|Any CPU
		{08717A8E-44DB-4112-B63A-BF9CDD4EEA5B}.Release|Any CPU.Build.0 = Release|Any CPU
	EndGlobalSection
	GlobalSection(SolutionProperties) = preSolution
		HideSolutionNode = FALSE
	EndGlobalSection
	GlobalSection(ExtensibilityGlobals) = postSolution
		SolutionGuid = {2E538F46-3392-4890-BE5C-5B7767483C43}
	EndGlobalSection
EndGlobal
